{
  "version": 1,
  "dependencies": {
    "net8.0": {
      "Microsoft.NET.ILLink.Tasks": {
        "type": "Direct",
        "requested": "[8.0.15, )",
        "resolved": "8.0.15",
        "contentHash": "s4eXlcRGyHeCgFUGQnhq0e/SCHBPp0jOHgMqZg3fQ2OCHJSm1aOUhI6RFWuVIcEb9ig2WgI2kWukk8wu72EbUQ=="
      },
      "Roslynator.Analyzers": {
        "type": "Direct",
        "requested": "[4.13.1, )",
        "resolved": "4.13.1",
        "contentHash": "KZpLy6ZlCebMk+d/3I5KU2R7AOb4LNJ6tPJqPtvFXmO8bEBHQvCIAvJOnY2tu4C9/aVOROTDYUFADxFqw1gh/g=="
      },
      "StackExchange.Redis": {
        "type": "Direct",
        "requested": "[2.8.37, )",
        "resolved": "2.8.37",
        "contentHash": "ULscDAQR+z132IsLczXcM/PG+EyfQMNxhvqjG1Xd/h/J1O9prsUU4pG9d95xv77lUF8v3X6owpf/11Uh0uvZAQ==",
        "dependencies": {
          "Microsoft.Extensions.Logging.Abstractions": "6.0.0",
          "Pipelines.Sockets.Unofficial": "2.2.8"
        }
      },
      "Microsoft.Extensions.Logging.Abstractions": {
        "type": "Transitive",
        "resolved": "6.0.0",
        "contentHash": "/HggWBbTwy8TgebGSX5DBZ24ndhzi93sHUBDvP1IxbZD7FDokYzdAr6+vbWGjw2XAfR2EJ1sfKUotpjHnFWPxA=="
      },
      "Pipelines.Sockets.Unofficial": {
        "type": "Transitive",
        "resolved": "2.2.8",
        "contentHash": "zG2FApP5zxSx6OcdJQLbZDk2AVlN2BNQD6MorwIfV6gVj0RRxWPEp2LXAxqDGZqeNV1Zp0BNPcNaey/GXmTdvQ==",
        "dependencies": {
          "System.IO.Pipelines": "5.0.1"
        }
      },
      "System.IO.Pipelines": {
        "type": "Transitive",
        "resolved": "5.0.1",
        "contentHash": "qEePWsaq9LoEEIqhbGe6D5J8c9IqQOUuTzzV6wn1POlfdLkJliZY3OlB0j0f17uMWlqZYjH7txj+2YbyrIA8Yg=="
      },
      "simplecdn": {
        "type": "Project"
      }
    },
    "net9.0": {
      "Microsoft.NET.ILLink.Tasks": {
        "type": "Direct",
        "requested": "[9.0.4, )",
        "resolved": "9.0.4",
        "contentHash": "xUdlUxiFwXhTYhB4VxKg/IA0+jlZXJPo70LYuMryWbJHdonIpZjw+7DO2B0pWwpXIOs6MlH5WVXPEtfrGEcVZA=="
      },
      "Roslynator.Analyzers": {
        "type": "Direct",
        "requested": "[4.13.1, )",
        "resolved": "4.13.1",
        "contentHash": "KZpLy6ZlCebMk+d/3I5KU2R7AOb4LNJ6tPJqPtvFXmO8bEBHQvCIAvJOnY2tu4C9/aVOROTDYUFADxFqw1gh/g=="
      },
      "StackExchange.Redis": {
        "type": "Direct",
        "requested": "[2.8.37, )",
        "resolved": "2.8.37",
        "contentHash": "ULscDAQR+z132IsLczXcM/PG+EyfQMNxhvqjG1Xd/h/J1O9prsUU4pG9d95xv77lUF8v3X6owpf/11Uh0uvZAQ==",
        "dependencies": {
          "Microsoft.Extensions.Logging.Abstractions": "6.0.0",
          "Pipelines.Sockets.Unofficial": "2.2.8"
        }
      },
      "Microsoft.Extensions.Logging.Abstractions": {
        "type": "Transitive",
        "resolved": "6.0.0",
        "contentHash": "/HggWBbTwy8TgebGSX5DBZ24ndhzi93sHUBDvP1IxbZD7FDokYzdAr6+vbWGjw2XAfR2EJ1sfKUotpjHnFWPxA=="
      },
      "Pipelines.Sockets.Unofficial": {
        "type": "Transitive",
        "resolved": "2.2.8",
        "contentHash": "zG2FApP5zxSx6OcdJQLbZDk2AVlN2BNQD6MorwIfV6gVj0RRxWPEp2LXAxqDGZqeNV1Zp0BNPcNaey/GXmTdvQ==",
        "dependencies": {
          "System.IO.Pipelines": "5.0.1"
        }
      },
      "System.IO.Pipelines": {
        "type": "Transitive",
        "resolved": "5.0.1",
        "contentHash": "qEePWsaq9LoEEIqhbGe6D5J8c9IqQOUuTzzV6wn1POlfdLkJliZY3OlB0j0f17uMWlqZYjH7txj+2YbyrIA8Yg=="
      },
      "simplecdn": {
        "type": "Project"
      }
    }
  }
}